// !$*UTF8*$!
{
	archiveVersion = 1;
	classes = {
	};
	objectVersion = 52;
	objects = {

/* Begin PBXBuildFile section */
		273F1EDD22A84F5D00237A82 /* IndividualRow.swift in Sources */ = {isa = PBXBuildFile; fileRef = 273F1EDC22A84F5D00237A82 /* IndividualRow.swift */; };
		273F1EDF22A862E900237A82 /* ImageStore.swift in Sources */ = {isa = PBXBuildFile; fileRef = 273F1EDE22A862E900237A82 /* ImageStore.swift */; };
		273F1EE522A87B4700237A82 /* Alamofire in Frameworks */ = {isa = PBXBuildFile; productRef = 273F1EE422A87B4700237A82 /* Alamofire */; };
		273F1EE822A8876F00237A82 /* DirectoryService.swift in Sources */ = {isa = PBXBuildFile; fileRef = 273F1EE722A8876F00237A82 /* DirectoryService.swift */; };
		275A571922A8C93300BEB608 /* Injector.swift in Sources */ = {isa = PBXBuildFile; fileRef = 275A571822A8C93300BEB608 /* Injector.swift */; };
		27C397F722A7286500590E12 /* AppDelegate.swift in Sources */ = {isa = PBXBuildFile; fileRef = 27C397F622A7286500590E12 /* AppDelegate.swift */; };
		27C397F922A7286500590E12 /* SceneDelegate.swift in Sources */ = {isa = PBXBuildFile; fileRef = 27C397F822A7286500590E12 /* SceneDelegate.swift */; };
		27C397FD22A7286700590E12 /* Assets.xcassets in Resources */ = {isa = PBXBuildFile; fileRef = 27C397FC22A7286700590E12 /* Assets.xcassets */; };
		27C3980022A7286700590E12 /* Preview Assets.xcassets in Resources */ = {isa = PBXBuildFile; fileRef = 27C397FF22A7286700590E12 /* Preview Assets.xcassets */; };
		27C3980322A7286700590E12 /* LaunchScreen.storyboard in Resources */ = {isa = PBXBuildFile; fileRef = 27C3980122A7286700590E12 /* LaunchScreen.storyboard */; };
		27C3980D22A72E5200590E12 /* IndividualModel.swift in Sources */ = {isa = PBXBuildFile; fileRef = 27C3980C22A72E5200590E12 /* IndividualModel.swift */; };
		27C3980F22A7400600590E12 /* Coders.swift in Sources */ = {isa = PBXBuildFile; fileRef = 27C3980E22A7400500590E12 /* Coders.swift */; };
		27C3981222A820EB00590E12 /* IndividualDetailView.swift in Sources */ = {isa = PBXBuildFile; fileRef = 27C3981122A820EB00590E12 /* IndividualDetailView.swift */; };
		27C3981422A8211500590E12 /* IndividualListView.swift in Sources */ = {isa = PBXBuildFile; fileRef = 27C3981322A8211500590E12 /* IndividualListView.swift */; };
		27C3981722A82D7900590E12 /* IndividualDetailViewModel.swift in Sources */ = {isa = PBXBuildFile; fileRef = 27C3981622A82D7900590E12 /* IndividualDetailViewModel.swift */; };
		27C3981922A82D8B00590E12 /* IndividualListViewModel.swift in Sources */ = {isa = PBXBuildFile; fileRef = 27C3981822A82D8B00590E12 /* IndividualListViewModel.swift */; };
		27C3981D22A83A5400590E12 /* AppCoordinator.swift in Sources */ = {isa = PBXBuildFile; fileRef = 27C3981C22A83A5400590E12 /* AppCoordinator.swift */; };
		27C3981F22A83B1800590E12 /* ResponseWrapper.swift in Sources */ = {isa = PBXBuildFile; fileRef = 27C3981E22A83B1800590E12 /* ResponseWrapper.swift */; };
		27C3982122A83B4B00590E12 /* AffiliationEnum.swift in Sources */ = {isa = PBXBuildFile; fileRef = 27C3982022A83B4B00590E12 /* AffiliationEnum.swift */; };
		27C3982322A83B7800590E12 /* Coordinator.swift in Sources */ = {isa = PBXBuildFile; fileRef = 27C3982222A83B7800590E12 /* Coordinator.swift */; };
		27C3982622A846D300590E12 /* DateFormatters.swift in Sources */ = {isa = PBXBuildFile; fileRef = 27C3982522A846D300590E12 /* DateFormatters.swift */; };
		27C3982822A846EC00590E12 /* FileManagerExtensions.swift in Sources */ = {isa = PBXBuildFile; fileRef = 27C3982722A846EC00590E12 /* FileManagerExtensions.swift */; };
		27C3982A22A8476500590E12 /* individuals.json in Resources */ = {isa = PBXBuildFile; fileRef = 27C3982922A8476500590E12 /* individuals.json */; };
		27C3982C22A8496B00590E12 /* PreviewDatabase.swift in Sources */ = {isa = PBXBuildFile; fileRef = 27C3982B22A8496B00590E12 /* PreviewDatabase.swift */; };
/* End PBXBuildFile section */

/* Begin PBXFileReference section */
		273F1EDC22A84F5D00237A82 /* IndividualRow.swift */ = {isa = PBXFileReference; lastKnownFileType = sourcecode.swift; path = IndividualRow.swift; sourceTree = "<group>"; };
		273F1EDE22A862E900237A82 /* ImageStore.swift */ = {isa = PBXFileReference; lastKnownFileType = sourcecode.swift; path = ImageStore.swift; sourceTree = "<group>"; };
		273F1EE722A8876F00237A82 /* DirectoryService.swift */ = {isa = PBXFileReference; lastKnownFileType = sourcecode.swift; path = DirectoryService.swift; sourceTree = "<group>"; };
		275A571822A8C93300BEB608 /* Injector.swift */ = {isa = PBXFileReference; lastKnownFileType = sourcecode.swift; path = Injector.swift; sourceTree = "<group>"; };
		27C397F322A7286500590E12 /* Star Wars Contacts.app */ = {isa = PBXFileReference; explicitFileType = wrapper.application; includeInIndex = 0; path = "Star Wars Contacts.app"; sourceTree = BUILT_PRODUCTS_DIR; };
		27C397F622A7286500590E12 /* AppDelegate.swift */ = {isa = PBXFileReference; lastKnownFileType = sourcecode.swift; path = AppDelegate.swift; sourceTree = "<group>"; };
		27C397F822A7286500590E12 /* SceneDelegate.swift */ = {isa = PBXFileReference; lastKnownFileType = sourcecode.swift; path = SceneDelegate.swift; sourceTree = "<group>"; };
		27C397FC22A7286700590E12 /* Assets.xcassets */ = {isa = PBXFileReference; lastKnownFileType = folder.assetcatalog; path = Assets.xcassets; sourceTree = "<group>"; };
		27C397FF22A7286700590E12 /* Preview Assets.xcassets */ = {isa = PBXFileReference; lastKnownFileType = folder.assetcatalog; path = "Preview Assets.xcassets"; sourceTree = "<group>"; };
		27C3980222A7286700590E12 /* Base */ = {isa = PBXFileReference; lastKnownFileType = file.storyboard; name = Base; path = Base.lproj/LaunchScreen.storyboard; sourceTree = "<group>"; };
		27C3980422A7286700590E12 /* Info.plist */ = {isa = PBXFileReference; lastKnownFileType = text.plist.xml; path = Info.plist; sourceTree = "<group>"; };
		27C3980C22A72E5200590E12 /* IndividualModel.swift */ = {isa = PBXFileReference; lastKnownFileType = sourcecode.swift; path = IndividualModel.swift; sourceTree = "<group>"; };
		27C3980E22A7400500590E12 /* Coders.swift */ = {isa = PBXFileReference; fileEncoding = 4; lastKnownFileType = sourcecode.swift; path = Coders.swift; sourceTree = "<group>"; };
		27C3981122A820EB00590E12 /* IndividualDetailView.swift */ = {isa = PBXFileReference; lastKnownFileType = sourcecode.swift; path = IndividualDetailView.swift; sourceTree = "<group>"; };
		27C3981322A8211500590E12 /* IndividualListView.swift */ = {isa = PBXFileReference; lastKnownFileType = sourcecode.swift; path = IndividualListView.swift; sourceTree = "<group>"; };
		27C3981622A82D7900590E12 /* IndividualDetailViewModel.swift */ = {isa = PBXFileReference; lastKnownFileType = sourcecode.swift; path = IndividualDetailViewModel.swift; sourceTree = "<group>"; };
		27C3981822A82D8B00590E12 /* IndividualListViewModel.swift */ = {isa = PBXFileReference; lastKnownFileType = sourcecode.swift; path = IndividualListViewModel.swift; sourceTree = "<group>"; };
		27C3981C22A83A5400590E12 /* AppCoordinator.swift */ = {isa = PBXFileReference; lastKnownFileType = sourcecode.swift; path = AppCoordinator.swift; sourceTree = "<group>"; };
		27C3981E22A83B1800590E12 /* ResponseWrapper.swift */ = {isa = PBXFileReference; lastKnownFileType = sourcecode.swift; path = ResponseWrapper.swift; sourceTree = "<group>"; };
		27C3982022A83B4B00590E12 /* AffiliationEnum.swift */ = {isa = PBXFileReference; lastKnownFileType = sourcecode.swift; path = AffiliationEnum.swift; sourceTree = "<group>"; };
		27C3982222A83B7800590E12 /* Coordinator.swift */ = {isa = PBXFileReference; lastKnownFileType = sourcecode.swift; path = Coordinator.swift; sourceTree = "<group>"; };
		27C3982522A846D300590E12 /* DateFormatters.swift */ = {isa = PBXFileReference; lastKnownFileType = sourcecode.swift; path = DateFormatters.swift; sourceTree = "<group>"; };
		27C3982722A846EC00590E12 /* FileManagerExtensions.swift */ = {isa = PBXFileReference; lastKnownFileType = sourcecode.swift; path = FileManagerExtensions.swift; sourceTree = "<group>"; };
		27C3982922A8476500590E12 /* individuals.json */ = {isa = PBXFileReference; lastKnownFileType = text.json; path = individuals.json; sourceTree = "<group>"; };
		27C3982B22A8496B00590E12 /* PreviewDatabase.swift */ = {isa = PBXFileReference; lastKnownFileType = sourcecode.swift; path = PreviewDatabase.swift; sourceTree = "<group>"; };
/* End PBXFileReference section */

/* Begin PBXFrameworksBuildPhase section */
		27C397F022A7286500590E12 /* Frameworks */ = {
			isa = PBXFrameworksBuildPhase;
			buildActionMask = 2147483647;
			files = (
				273F1EE522A87B4700237A82 /* Alamofire in Frameworks */,
			);
			runOnlyForDeploymentPostprocessing = 0;
		};
/* End PBXFrameworksBuildPhase section */

/* Begin PBXGroup section */
		273F1EE622A8876300237A82 /* Services */ = {
			isa = PBXGroup;
			children = (
				273F1EE722A8876F00237A82 /* DirectoryService.swift */,
			);
			path = Services;
			sourceTree = "<group>";
		};
		27C397EA22A7286500590E12 = {
			isa = PBXGroup;
			children = (
				27C397F522A7286500590E12 /* Star Wars Contacts */,
				27C397F422A7286500590E12 /* Products */,
			);
			sourceTree = "<group>";
		};
		27C397F422A7286500590E12 /* Products */ = {
			isa = PBXGroup;
			children = (
				27C397F322A7286500590E12 /* Star Wars Contacts.app */,
			);
			name = Products;
			sourceTree = "<group>";
		};
		27C397F522A7286500590E12 /* Star Wars Contacts */ = {
			isa = PBXGroup;
			children = (
				27C3980422A7286700590E12 /* Info.plist */,
				27C3980122A7286700590E12 /* LaunchScreen.storyboard */,
				27C397F622A7286500590E12 /* AppDelegate.swift */,
				27C397F822A7286500590E12 /* SceneDelegate.swift */,
				27C397FC22A7286700590E12 /* Assets.xcassets */,
				27C3981B22A83A4600590E12 /* Coordinators */,
				27C3981A22A82DBC00590E12 /* Models */,
				27C397FE22A7286700590E12 /* Preview Content */,
				273F1EE622A8876300237A82 /* Services */,
				27C3982422A8469F00590E12 /* Statics */,
				27C3981522A82D5F00590E12 /* ViewModels */,
				27C3981022A820C700590E12 /* Views */,
				275A571822A8C93300BEB608 /* Injector.swift */,
			);
			path = "Star Wars Contacts";
			sourceTree = "<group>";
		};
		27C397FE22A7286700590E12 /* Preview Content */ = {
			isa = PBXGroup;
			children = (
				27C397FF22A7286700590E12 /* Preview Assets.xcassets */,
				27C3982922A8476500590E12 /* individuals.json */,
				27C3982B22A8496B00590E12 /* PreviewDatabase.swift */,
			);
			path = "Preview Content";
			sourceTree = "<group>";
		};
		27C3981022A820C700590E12 /* Views */ = {
			isa = PBXGroup;
			children = (
				27C3981122A820EB00590E12 /* IndividualDetailView.swift */,
				27C3981322A8211500590E12 /* IndividualListView.swift */,
				273F1EDC22A84F5D00237A82 /* IndividualRow.swift */,
			);
			path = Views;
			sourceTree = "<group>";
		};
		27C3981522A82D5F00590E12 /* ViewModels */ = {
			isa = PBXGroup;
			children = (
				27C3981622A82D7900590E12 /* IndividualDetailViewModel.swift */,
				27C3981822A82D8B00590E12 /* IndividualListViewModel.swift */,
			);
			path = ViewModels;
			sourceTree = "<group>";
		};
		27C3981A22A82DBC00590E12 /* Models */ = {
			isa = PBXGroup;
			children = (
				27C3980C22A72E5200590E12 /* IndividualModel.swift */,
				27C3981E22A83B1800590E12 /* ResponseWrapper.swift */,
				27C3982022A83B4B00590E12 /* AffiliationEnum.swift */,
			);
			path = Models;
			sourceTree = "<group>";
		};
		27C3981B22A83A4600590E12 /* Coordinators */ = {
			isa = PBXGroup;
			children = (
				27C3981C22A83A5400590E12 /* AppCoordinator.swift */,
				27C3982222A83B7800590E12 /* Coordinator.swift */,
			);
			path = Coordinators;
			sourceTree = "<group>";
		};
		27C3982422A8469F00590E12 /* Statics */ = {
			isa = PBXGroup;
			children = (
				27C3980E22A7400500590E12 /* Coders.swift */,
				27C3982522A846D300590E12 /* DateFormatters.swift */,
				27C3982722A846EC00590E12 /* FileManagerExtensions.swift */,
				273F1EDE22A862E900237A82 /* ImageStore.swift */,
			);
			path = Statics;
			sourceTree = "<group>";
		};
/* End PBXGroup section */

/* Begin PBXNativeTarget section */
		27C397F222A7286500590E12 /* Star Wars Contacts */ = {
			isa = PBXNativeTarget;
			buildConfigurationList = 27C3980722A7286700590E12 /* Build configuration list for PBXNativeTarget "Star Wars Contacts" */;
			buildPhases = (
				27C397EF22A7286500590E12 /* Sources */,
				27C397F022A7286500590E12 /* Frameworks */,
				27C397F122A7286500590E12 /* Resources */,
			);
			buildRules = (
			);
			dependencies = (
			);
			name = "Star Wars Contacts";
			packageProductDependencies = (
				273F1EE422A87B4700237A82 /* Alamofire */,
			);
			productName = "Star Wars Contacts";
			productReference = 27C397F322A7286500590E12 /* Star Wars Contacts.app */;
			productType = "com.apple.product-type.application";
		};
/* End PBXNativeTarget section */

/* Begin PBXProject section */
		27C397EB22A7286500590E12 /* Project object */ = {
			isa = PBXProject;
			attributes = {
				LastSwiftUpdateCheck = 1100;
				LastUpgradeCheck = 1100;
				ORGANIZATIONNAME = "Michael Holt";
				TargetAttributes = {
					27C397F222A7286500590E12 = {
						CreatedOnToolsVersion = 11.0;
					};
				};
			};
			buildConfigurationList = 27C397EE22A7286500590E12 /* Build configuration list for PBXProject "Star Wars Contacts" */;
			compatibilityVersion = "Xcode 9.3";
			developmentRegion = en;
			hasScannedForEncodings = 0;
			knownRegions = (
				en,
				Base,
			);
			mainGroup = 27C397EA22A7286500590E12;
			packageReferences = (
				273F1EE322A87B4700237A82 /* XCRemoteSwiftPackageReference "Alamofire" */,
			);
			productRefGroup = 27C397F422A7286500590E12 /* Products */;
			projectDirPath = "";
			projectRoot = "";
			targets = (
				27C397F222A7286500590E12 /* Star Wars Contacts */,
			);
		};
/* End PBXProject section */

/* Begin PBXResourcesBuildPhase section */
		27C397F122A7286500590E12 /* Resources */ = {
			isa = PBXResourcesBuildPhase;
			buildActionMask = 2147483647;
			files = (
				27C3982A22A8476500590E12 /* individuals.json in Resources */,
				27C3980322A7286700590E12 /* LaunchScreen.storyboard in Resources */,
				27C3980022A7286700590E12 /* Preview Assets.xcassets in Resources */,
				27C397FD22A7286700590E12 /* Assets.xcassets in Resources */,
			);
			runOnlyForDeploymentPostprocessing = 0;
		};
/* End PBXResourcesBuildPhase section */

/* Begin PBXSourcesBuildPhase section */
		27C397EF22A7286500590E12 /* Sources */ = {
			isa = PBXSourcesBuildPhase;
			buildActionMask = 2147483647;
			files = (
				27C3981F22A83B1800590E12 /* ResponseWrapper.swift in Sources */,
				27C3982822A846EC00590E12 /* FileManagerExtensions.swift in Sources */,
				273F1EDF22A862E900237A82 /* ImageStore.swift in Sources */,
				27C397F722A7286500590E12 /* AppDelegate.swift in Sources */,
				27C3982122A83B4B00590E12 /* AffiliationEnum.swift in Sources */,
				27C3982622A846D300590E12 /* DateFormatters.swift in Sources */,
				27C3981422A8211500590E12 /* IndividualListView.swift in Sources */,
				27C3981722A82D7900590E12 /* IndividualDetailViewModel.swift in Sources */,
				275A571922A8C93300BEB608 /* Injector.swift in Sources */,
				27C3980F22A7400600590E12 /* Coders.swift in Sources */,
				27C3981222A820EB00590E12 /* IndividualDetailView.swift in Sources */,
				27C3982C22A8496B00590E12 /* PreviewDatabase.swift in Sources */,
				27C397F922A7286500590E12 /* SceneDelegate.swift in Sources */,
				27C3982322A83B7800590E12 /* Coordinator.swift in Sources */,
				27C3981D22A83A5400590E12 /* AppCoordinator.swift in Sources */,
				27C3980D22A72E5200590E12 /* IndividualModel.swift in Sources */,
				273F1EE822A8876F00237A82 /* DirectoryService.swift in Sources */,
				27C3981922A82D8B00590E12 /* IndividualListViewModel.swift in Sources */,
				273F1EDD22A84F5D00237A82 /* IndividualRow.swift in Sources */,
			);
			runOnlyForDeploymentPostprocessing = 0;
		};
/* End PBXSourcesBuildPhase section */

/* Begin PBXVariantGroup section */
		27C3980122A7286700590E12 /* LaunchScreen.storyboard */ = {
			isa = PBXVariantGroup;
			children = (
				27C3980222A7286700590E12 /* Base */,
			);
			name = LaunchScreen.storyboard;
			sourceTree = "<group>";
		};
/* End PBXVariantGroup section */

/* Begin XCBuildConfiguration section */
		27C3980522A7286700590E12 /* Debug */ = {
			isa = XCBuildConfiguration;
			buildSettings = {
				ALWAYS_SEARCH_USER_PATHS = NO;
				CLANG_ANALYZER_NONNULL = YES;
				CLANG_ANALYZER_NUMBER_OBJECT_CONVERSION = YES_AGGRESSIVE;
				CLANG_CXX_LANGUAGE_STANDARD = "gnu++14";
				CLANG_CXX_LIBRARY = "libc++";
				CLANG_ENABLE_MODULES = YES;
				CLANG_ENABLE_OBJC_ARC = YES;
				CLANG_ENABLE_OBJC_WEAK = YES;
				CLANG_WARN_BLOCK_CAPTURE_AUTORELEASING = YES;
				CLANG_WARN_BOOL_CONVERSION = YES;
				CLANG_WARN_COMMA = YES;
				CLANG_WARN_CONSTANT_CONVERSION = YES;
				CLANG_WARN_DEPRECATED_OBJC_IMPLEMENTATIONS = YES;
				CLANG_WARN_DIRECT_OBJC_ISA_USAGE = YES_ERROR;
				CLANG_WARN_DOCUMENTATION_COMMENTS = YES;
				CLANG_WARN_EMPTY_BODY = YES;
				CLANG_WARN_ENUM_CONVERSION = YES;
				CLANG_WARN_INFINITE_RECURSION = YES;
				CLANG_WARN_INT_CONVERSION = YES;
				CLANG_WARN_NON_LITERAL_NULL_CONVERSION = YES;
				CLANG_WARN_OBJC_IMPLICIT_RETAIN_SELF = YES;
				CLANG_WARN_OBJC_LITERAL_CONVERSION = YES;
				CLANG_WARN_OBJC_ROOT_CLASS = YES_ERROR;
				CLANG_WARN_RANGE_LOOP_ANALYSIS = YES;
				CLANG_WARN_STRICT_PROTOTYPES = YES;
				CLANG_WARN_SUSPICIOUS_MOVE = YES;
				CLANG_WARN_UNGUARDED_AVAILABILITY = YES_AGGRESSIVE;
				CLANG_WARN_UNREACHABLE_CODE = YES;
				CLANG_WARN__DUPLICATE_METHOD_MATCH = YES;
				COPY_PHASE_STRIP = NO;
				DEBUG_INFORMATION_FORMAT = dwarf;
				ENABLE_STRICT_OBJC_MSGSEND = YES;
				ENABLE_TESTABILITY = YES;
				GCC_C_LANGUAGE_STANDARD = gnu11;
				GCC_DYNAMIC_NO_PIC = NO;
				GCC_NO_COMMON_BLOCKS = YES;
				GCC_OPTIMIZATION_LEVEL = 0;
				GCC_PREPROCESSOR_DEFINITIONS = (
					"DEBUG=1",
					"$(inherited)",
				);
				GCC_WARN_64_TO_32_BIT_CONVERSION = YES;
				GCC_WARN_ABOUT_RETURN_TYPE = YES_ERROR;
				GCC_WARN_UNDECLARED_SELECTOR = YES;
				GCC_WARN_UNINITIALIZED_AUTOS = YES_AGGRESSIVE;
				GCC_WARN_UNUSED_FUNCTION = YES;
				GCC_WARN_UNUSED_VARIABLE = YES;
				IPHONEOS_DEPLOYMENT_TARGET = 13.0;
				MTL_ENABLE_DEBUG_INFO = INCLUDE_SOURCE;
				MTL_FAST_MATH = YES;
				ONLY_ACTIVE_ARCH = YES;
				SDKROOT = iphoneos;
				SWIFT_ACTIVE_COMPILATION_CONDITIONS = DEBUG;
				SWIFT_OPTIMIZATION_LEVEL = "-Onone";
			};
			name = Debug;
		};
		27C3980622A7286700590E12 /* Release */ = {
			isa = XCBuildConfiguration;
			buildSettings = {
				ALWAYS_SEARCH_USER_PATHS = NO;
				CLANG_ANALYZER_NONNULL = YES;
				CLANG_ANALYZER_NUMBER_OBJECT_CONVERSION = YES_AGGRESSIVE;
				CLANG_CXX_LANGUAGE_STANDARD = "gnu++14";
				CLANG_CXX_LIBRARY = "libc++";
				CLANG_ENABLE_MODULES = YES;
				CLANG_ENABLE_OBJC_ARC = YES;
				CLANG_ENABLE_OBJC_WEAK = YES;
				CLANG_WARN_BLOCK_CAPTURE_AUTORELEASING = YES;
				CLANG_WARN_BOOL_CONVERSION = YES;
				CLANG_WARN_COMMA = YES;
				CLANG_WARN_CONSTANT_CONVERSION = YES;
				CLANG_WARN_DEPRECATED_OBJC_IMPLEMENTATIONS = YES;
				CLANG_WARN_DIRECT_OBJC_ISA_USAGE = YES_ERROR;
				CLANG_WARN_DOCUMENTATION_COMMENTS = YES;
				CLANG_WARN_EMPTY_BODY = YES;
				CLANG_WARN_ENUM_CONVERSION = YES;
				CLANG_WARN_INFINITE_RECURSION = YES;
				CLANG_WARN_INT_CONVERSION = YES;
				CLANG_WARN_NON_LITERAL_NULL_CONVERSION = YES;
				CLANG_WARN_OBJC_IMPLICIT_RETAIN_SELF = YES;
				CLANG_WARN_OBJC_LITERAL_CONVERSION = YES;
				CLANG_WARN_OBJC_ROOT_CLASS = YES_ERROR;
				CLANG_WARN_RANGE_LOOP_ANALYSIS = YES;
				CLANG_WARN_STRICT_PROTOTYPES = YES;
				CLANG_WARN_SUSPICIOUS_MOVE = YES;
				CLANG_WARN_UNGUARDED_AVAILABILITY = YES_AGGRESSIVE;
				CLANG_WARN_UNREACHABLE_CODE = YES;
				CLANG_WARN__DUPLICATE_METHOD_MATCH = YES;
				COPY_PHASE_STRIP = NO;
				DEBUG_INFORMATION_FORMAT = "dwarf-with-dsym";
				ENABLE_NS_ASSERTIONS = NO;
				ENABLE_STRICT_OBJC_MSGSEND = YES;
				GCC_C_LANGUAGE_STANDARD = gnu11;
				GCC_NO_COMMON_BLOCKS = YES;
				GCC_WARN_64_TO_32_BIT_CONVERSION = YES;
				GCC_WARN_ABOUT_RETURN_TYPE = YES_ERROR;
				GCC_WARN_UNDECLARED_SELECTOR = YES;
				GCC_WARN_UNINITIALIZED_AUTOS = YES_AGGRESSIVE;
				GCC_WARN_UNUSED_FUNCTION = YES;
				GCC_WARN_UNUSED_VARIABLE = YES;
				IPHONEOS_DEPLOYMENT_TARGET = 13.0;
				MTL_ENABLE_DEBUG_INFO = NO;
				MTL_FAST_MATH = YES;
				SDKROOT = iphoneos;
				SWIFT_COMPILATION_MODE = wholemodule;
				SWIFT_OPTIMIZATION_LEVEL = "-O";
				VALIDATE_PRODUCT = YES;
			};
			name = Release;
		};
		27C3980822A7286700590E12 /* Debug */ = {
			isa = XCBuildConfiguration;
			buildSettings = {
				ASSETCATALOG_COMPILER_APPICON_NAME = AppIcon;
				CODE_SIGN_STYLE = Automatic;
				DEVELOPMENT_ASSET_PATHS = "\"Star Wars Contacts\"/Preview\\ Content";
				ENABLE_PREVIEWS = YES;
				INFOPLIST_FILE = "Star Wars Contacts/Info.plist";
				IPHONEOS_DEPLOYMENT_TARGET = 13.0;
				LD_RUNPATH_SEARCH_PATHS = (
					"$(inherited)",
					"@executable_path/Frameworks",
				);
				PRODUCT_BUNDLE_IDENTIFIER = "com.Star-Wars-Contacts";
				PRODUCT_NAME = "$(TARGET_NAME)";
				SWIFT_VERSION = 5.0;
				TARGETED_DEVICE_FAMILY = "1,2";
			};
			name = Debug;
		};
		27C3980922A7286700590E12 /* Release */ = {
			isa = XCBuildConfiguration;
			buildSettings = {
				ASSETCATALOG_COMPILER_APPICON_NAME = AppIcon;
				CODE_SIGN_STYLE = Automatic;
				DEVELOPMENT_ASSET_PATHS = "\"Star Wars Contacts\"/Preview\\ Content";
				ENABLE_PREVIEWS = YES;
				INFOPLIST_FILE = "Star Wars Contacts/Info.plist";
				IPHONEOS_DEPLOYMENT_TARGET = 13.0;
				LD_RUNPATH_SEARCH_PATHS = (
					"$(inherited)",
					"@executable_path/Frameworks",
				);
				PRODUCT_BUNDLE_IDENTIFIER = "com.Star-Wars-Contacts";
				PRODUCT_NAME = "$(TARGET_NAME)";
				SWIFT_VERSION = 5.0;
				TARGETED_DEVICE_FAMILY = "1,2";
			};
			name = Release;
		};
/* End XCBuildConfiguration section */

/* Begin XCConfigurationList section */
		27C397EE22A7286500590E12 /* Build configuration list for PBXProject "Star Wars Contacts" */ = {
			isa = XCConfigurationList;
			buildConfigurations = (
				27C3980522A7286700590E12 /* Debug */,
				27C3980622A7286700590E12 /* Release */,
			);
			defaultConfigurationIsVisible = 0;
			defaultConfigurationName = Release;
		};
		27C3980722A7286700590E12 /* Build configuration list for PBXNativeTarget "Star Wars Contacts" */ = {
			isa = XCConfigurationList;
			buildConfigurations = (
				27C3980822A7286700590E12 /* Debug */,
				27C3980922A7286700590E12 /* Release */,
			);
			defaultConfigurationIsVisible = 0;
			defaultConfigurationName = Release;
		};
/* End XCConfigurationList section */

/* Begin XCRemoteSwiftPackageReference section */
		273F1EE322A87B4700237A82 /* XCRemoteSwiftPackageReference "Alamofire" */ = {
			isa = XCRemoteSwiftPackageReference;
			repositoryURL = "https://github.com/Alamofire/Alamofire.git";
			requirement = {
				branch = master;
				kind = branch;
			};
		};
/* End XCRemoteSwiftPackageReference section */

/* Begin XCSwiftPackageProductDependency section */
		273F1EE422A87B4700237A82 /* Alamofire */ = {
			isa = XCSwiftPackageProductDependency;
			package = 273F1EE322A87B4700237A82 /* XCRemoteSwiftPackageReference "Alamofire" */;
			productName = Alamofire;
		};
/* End XCSwiftPackageProductDependency section */
	};
	rootObject = 27C397EB22A7286500590E12 /* Project object */;
}
